
Microsoft Visual Studio Solution File, Format Version 12.00
# Visual Studio Version 17
VisualStudioVersion = 17.14.36109.1 d17.14
MinimumVisualStudioVersion = 10.0.40219.1
Project("{FAE04EC0-301F-11D3-BF4B-00C04F79EFBC}") = "P20251215_1", "P20251215_1\P20251215_1.csproj", "{17FE4679-F9B3-4901-A329-3A440AAC4786}"
EndProject
Global
	GlobalSection(SolutionConfigurationPlatforms) = preSolution
		Debug|Any CPU = Debug|Any CPU
		Release|Any CPU = Release|Any CPU
	EndGlobalSection
	GlobalSection(ProjectConfigurationPlatforms) = postSolution
		{17FE4679-F9B3-4901-A329-3A440AAC4786}.Debug|Any CPU.ActiveCfg = Debug|Any CPU
		{17FE4679-F9B3-4901-A329-3A440AAC4786}.Debug|Any CPU.Build.0 = Debug|Any CPU
		{17FE4679-F9B3-4901-A329-3A440AAC4786}.Release|Any CPU.ActiveCfg = Release|Any CPU
		{17FE4679-F9B3-4901-A329-3A440AAC4786}.Release|Any CPU.Build.0 = Release|Any CPU
	EndGlobalSection
	GlobalSection(SolutionProperties) = preSolution
		HideSolutionNode = FALSE
	EndGlobalSection
	GlobalSection(ExtensibilityGlobals) = postSolution
		SolutionGuid = {0D099AA9-DCBC-49ED-849B-4450FC4AA23C}
	EndGlobalSection
EndGlobal
